
Microsoft Visual Studio Solution File, Format Version 12.00
Project("{FAE04EC0-301F-11D3-BF4B-00C04F79EFBC}") = "ConsoleApp1", "ConsoleApp1\ConsoleApp1.csproj", "{CC27AEC9-A88B-460A-8AC5-4D357004EE5D}"
EndProject
Global
	GlobalSection(SolutionConfigurationPlatforms) = preSolution
		Debug|Any CPU = Debug|Any CPU
		Release|Any CPU = Release|Any CPU
	EndGlobalSection
	GlobalSection(ProjectConfigurationPlatforms) = postSolution
		{CC27AEC9-A88B-460A-8AC5-4D357004EE5D}.Debug|Any CPU.ActiveCfg = Debug|Any CPU
		{CC27AEC9-A88B-460A-8AC5-4D357004EE5D}.Debug|Any CPU.Build.0 = Debug|Any CPU
		{CC27AEC9-A88B-460A-8AC5-4D357004EE5D}.Release|Any CPU.ActiveCfg = Release|Any CPU
		{CC27AEC9-A88B-460A-8AC5-4D357004EE5D}.Release|Any CPU.Build.0 = Release|Any CPU
	EndGlobalSection
EndGlobal
